{
  "version": "5",
  "specifiers": {
    "jsr:@std/assert@1": "1.0.19",
    "jsr:@std/internal@^1.0.12": "1.0.14",
    "npm:ts-fsrs@^5.4.0": "5.4.2"
  },
  "jsr": {
    "@std/assert@1.0.19": {
      "integrity": "eaada96ee120cb980bc47e040f82814d786fe8162ecc53c91d8df60b8755991e",
      "dependencies": [
        "jsr:@std/internal"
      ]
    },
    "@std/internal@1.0.14": {
      "integrity": "291516b3d4c35024d6ffbc0a9df5bf4c64116e05b50012cf846710152d2ffdf7"
    }
  },
  "npm": {
    "ts-fsrs@5.4.2": {
      "integrity": "sha512-z4qop4pzTcyTzuJ566d9EaX/4bZZzhYfeaPImfVr+xcYT65c5oBgFDijUhCE/D+C78eaolHIhKRZ04/RwF+v2g=="
    }
  },
  "remote": {
    "https://esm.sh/@anthropic-ai/sdk@0.39.0": "063508334fb72da1dc091fd51266e2c4e055019fdf95e287976bcb3ac9228795",
    "https://esm.sh/@anthropic-ai/sdk@0.39.0/denonext/_shims/MultipartBody.mjs": "a03f8f13f496750b69c69c8819efb191f991bd0315bd0bf5b8cb0833e32d9aa1",
    "https://esm.sh/@anthropic-ai/sdk@0.39.0/denonext/_shims/auto/runtime.mjs": "4281ca5cf44cc0354262311896bb4383e0ead5b8ffff4e1e80a78f838b6913e6",
    "https://esm.sh/@anthropic-ai/sdk@0.39.0/denonext/_shims/index.mjs": "19caed67df946f2812503b71802cfa65accab5a7a0382c2c2a25cfd88bcd96b7",
    "https://esm.sh/@anthropic-ai/sdk@0.39.0/denonext/_shims/registry.mjs": "42228abc816f6eb8a78e7296dff160fb338a892872ae6c8832458d73cf0e9701",
    "https://esm.sh/@anthropic-ai/sdk@0.39.0/denonext/_shims/web-runtime.mjs": "2197441c0df1bec646d2d2d1b03c93b57e67e2d861f32a192070c335214e19e0",
    "https://esm.sh/@anthropic-ai/sdk@0.39.0/denonext/_vendor/partial-json-parser/parser.mjs": "798b942e153ccd9e9c4edf1bb215e456ac79824284bc80f8991b02fb6961011a",
    "https://esm.sh/@anthropic-ai/sdk@0.39.0/denonext/core.mjs": "56f359943aadf11b133e61c155291751e099d04254a11119c597f1b6309e0e80",
    "https://esm.sh/@anthropic-ai/sdk@0.39.0/denonext/error.mjs": "56898008358c1aaef03e9224ea6fcb2f852f45220cccf670a872dd241aea8ae6",
    "https://esm.sh/@anthropic-ai/sdk@0.39.0/denonext/internal/decoders/jsonl.mjs": "a032bd49c08651ae039490fe0b39189ff56586f38303321a4447833e11387e86",
    "https://esm.sh/@anthropic-ai/sdk@0.39.0/denonext/internal/decoders/line.mjs": "0f699618399dea297f8cd98e8803fc2fc03658e8ef1954f0366aafd6365ac642",
    "https://esm.sh/@anthropic-ai/sdk@0.39.0/denonext/internal/stream-utils.mjs": "b4836b6123222b5ba7c38a16333bbad3315c0e6a1a07c11424a7b353cb3e1411",
    "https://esm.sh/@anthropic-ai/sdk@0.39.0/denonext/lib/BetaMessageStream.mjs": "3b3ec0ef30290e86d76f031f1c8ca6224b232b0aa2fc51fda9b3f54ef41bd13a",
    "https://esm.sh/@anthropic-ai/sdk@0.39.0/denonext/lib/MessageStream.mjs": "54aedcd02846343ac9e39375514b0b953a699f7fb53919d81db8cae10b2b2903",
    "https://esm.sh/@anthropic-ai/sdk@0.39.0/denonext/pagination.mjs": "37ad382a5e593ab465c33b0d6e6332611e601bc7554f91e355d96dbe054a1bb0",
    "https://esm.sh/@anthropic-ai/sdk@0.39.0/denonext/resource.mjs": "8e384011433aaf26426de3ef4251bc5bbf6a95e7be28ac708c5a65d9f33d1984",
    "https://esm.sh/@anthropic-ai/sdk@0.39.0/denonext/resources/beta/beta.mjs": "b22d08315932df2c271a8c6e209a768a20ec37e6738bf0e5febd59fa9047386f",
    "https://esm.sh/@anthropic-ai/sdk@0.39.0/denonext/resources/beta/messages/batches.mjs": "8b89f1d0356db6fb7cc0b5e1c1838c98103a7945db2e939b2663c6ed99218940",
    "https://esm.sh/@anthropic-ai/sdk@0.39.0/denonext/resources/beta/messages/messages.mjs": "bab8c403a35a304993f06d42975d0992edde16a2e1e86fefec51ecf4149e7b58",
    "https://esm.sh/@anthropic-ai/sdk@0.39.0/denonext/resources/beta/models.mjs": "7e9e5a87c0d3e1bed82d4e45c57f3c649ad577970af6863afeae374aca02d1fe",
    "https://esm.sh/@anthropic-ai/sdk@0.39.0/denonext/resources/completions.mjs": "83e4ae402c4722c785987e00d5422a116337f7f6a59b7c48e5edb4dfa52aaf42",
    "https://esm.sh/@anthropic-ai/sdk@0.39.0/denonext/resources/index.mjs": "1c58e97409abf1334fdc6c4b1a8273f13f1cf0e39618091169258182374d695d",
    "https://esm.sh/@anthropic-ai/sdk@0.39.0/denonext/resources/messages/batches.mjs": "f5f3df06b473d90c7d96fd14f0bbe536dd77611fe6375bae42fb27a591a4bf07",
    "https://esm.sh/@anthropic-ai/sdk@0.39.0/denonext/resources/messages/messages.mjs": "aa3035fb3b76b82fc61eabc85fcbc5934ad82b41ee109e18e98d06e325b8108e",
    "https://esm.sh/@anthropic-ai/sdk@0.39.0/denonext/resources/models.mjs": "de1ee79dda358435ec1ad4f00a65e202762bb5050f3dca28175f01ef701a2d6f",
    "https://esm.sh/@anthropic-ai/sdk@0.39.0/denonext/resources/shared.mjs": "c7ea05ec7e323483c43af8aa9c24c76e03487f72aa2c5d379791061fe0be5067",
    "https://esm.sh/@anthropic-ai/sdk@0.39.0/denonext/sdk.mjs": "0986c62ee5fd63f13b429ab66f89dec15d87f95145b91eb5c1892beba358eacc",
    "https://esm.sh/@anthropic-ai/sdk@0.39.0/denonext/streaming.mjs": "99c8bb35feb74573fe329f4c5408fa1c3efe7143b39318a1c2d950c14f0bd5b9",
    "https://esm.sh/@anthropic-ai/sdk@0.39.0/denonext/uploads.mjs": "a2b55d80c323178060dc1138c9258e1b78965634cd5bd62a38a0a014e744eecc",
    "https://esm.sh/@anthropic-ai/sdk@0.39.0/denonext/version.mjs": "90b019d4f8556d19d5cc62aca67272ce894bd66aee619fe10f0fe777cd606d58",
    "https://esm.sh/@supabase/supabase-js@2.108.1": "fca0990662d240263b440bc055ea919312c0d27f7ab295e835e1644cf49200ce"
  },
  "workspace": {
    "dependencies": [
      "npm:ts-fsrs@^5.4.0"
    ]
  }
}
